{
  "name": "deep-space-excavate",
  "version": "1.0.0",
  "lockfileVersion": 3,
  "requires": true,
  "packages": {
    "": {
      "name": "deep-space-excavate",
      "version": "1.0.0",
      "license": "ISC",
      "dependencies": {
        "phaser": "^3.85.1"
      }
    },
    "node_modules/eventemitter3": {
      "version": "5.0.1",
      "resolved": "https://registry.npmjs.org/eventemitter3/-/eventemitter3-5.0.1.tgz",
      "integrity": "sha512-GWkBvjiSZK87ELrYOSESUYeVIc9mvLLf/nXalMOS5dYrgZq9o5OVkbZAVM06CVxYsCwH9BDZFPlQTlPA1j4ahA=="
    },
    "node_modules/phaser": {
      "version": "3.85.1",
      "resolved": "https://registry.npmjs.org/phaser/-/phaser-3.85.1.tgz",
      "integrity": "sha512-SQdlYRciRUeh/5p7ErfE4lHcoZnLahBpOB2oXkqJEeBy3k33hqsQGi+SYEO1XPqDSd+X69Hniv82Qr/ybEKyMg==",
      "dependencies": {
        "eventemitter3": "^5.0.1"
      }
    }
  }
}
